// !$*UTF8*$!
{
	archiveVersion = 1;
	classes = {
	};
	objectVersion = 55;
	objects = {

/* Begin PBXBuildFile section */
		6B4891612804AB6E00E86054 /* IConvert2App.swift in Sources */ = {isa = PBXBuildFile; fileRef = 6B4891602804AB6E00E86054 /* IConvert2App.swift */; };
		6B4891632804AB6E00E86054 /* ContentView.swift in Sources */ = {isa = PBXBuildFile; fileRef = 6B4891622804AB6E00E86054 /* ContentView.swift */; };
		6B4891652804AB7000E86054 /* Assets.xcassets in Resources */ = {isa = PBXBuildFile; fileRef = 6B4891642804AB7000E86054 /* Assets.xcassets */; };
		6B4891682804AB7000E86054 /* Preview Assets.xcassets in Resources */ = {isa = PBXBuildFile; fileRef = 6B4891672804AB7000E86054 /* Preview Assets.xcassets */; };
		6B6B37F228E89E79008B618F /* TemperatureOptionsView1.swift in Sources */ = {isa = PBXBuildFile; fileRef = 6B6B37F128E89E79008B618F /* TemperatureOptionsView1.swift */; };
		6B6B37F428E8A44C008B618F /* TimeOptionsView.swift in Sources */ = {isa = PBXBuildFile; fileRef = 6B6B37F328E8A44C008B618F /* TimeOptionsView.swift */; };
		6B6B37F628E8A71F008B618F /* VolumeOptionsView.swift in Sources */ = {isa = PBXBuildFile; fileRef = 6B6B37F528E8A71F008B618F /* VolumeOptionsView.swift */; };
		6B6B37F928E8B247008B618F /* InformationStorageButton.swift in Sources */ = {isa = PBXBuildFile; fileRef = 6B6B37F828E8B247008B618F /* InformationStorageButton.swift */; };
		6B6B37FB28E8B26D008B618F /* InformationStorageOptionsView.swift in Sources */ = {isa = PBXBuildFile; fileRef = 6B6B37FA28E8B26D008B618F /* InformationStorageOptionsView.swift */; };
		6B6B37FE28E8BDDE008B618F /* SpeedButton.swift in Sources */ = {isa = PBXBuildFile; fileRef = 6B6B37FD28E8BDDE008B618F /* SpeedButton.swift */; };
		6B6B380028E8BDF3008B618F /* SpeedOptionsView.swift in Sources */ = {isa = PBXBuildFile; fileRef = 6B6B37FF28E8BDF3008B618F /* SpeedOptionsView.swift */; };
		6B78AEE32819BF3F0002611B /* RulerButton.swift in Sources */ = {isa = PBXBuildFile; fileRef = 6B78AEE22819BF3F0002611B /* RulerButton.swift */; };
		6B78AEE52819BF5B0002611B /* TemperatureButton.swift in Sources */ = {isa = PBXBuildFile; fileRef = 6B78AEE42819BF5B0002611B /* TemperatureButton.swift */; };
		6B78AEE72819BF7D0002611B /* ClockButton.swift in Sources */ = {isa = PBXBuildFile; fileRef = 6B78AEE62819BF7D0002611B /* ClockButton.swift */; };
		6B78AEE92819BF9A0002611B /* DropButton.swift in Sources */ = {isa = PBXBuildFile; fileRef = 6B78AEE82819BF9A0002611B /* DropButton.swift */; };
		6BBBBA9828E211FB00AB9A10 /* ViewModel.swift in Sources */ = {isa = PBXBuildFile; fileRef = 6BBBBA9728E211FB00AB9A10 /* ViewModel.swift */; };
		6BBBBA9A28E2207300AB9A10 /* HomeView2.swift in Sources */ = {isa = PBXBuildFile; fileRef = 6BBBBA9928E2207300AB9A10 /* HomeView2.swift */; };
		6BBBBA9C28E325BC00AB9A10 /* Model.swift in Sources */ = {isa = PBXBuildFile; fileRef = 6BBBBA9B28E325BC00AB9A10 /* Model.swift */; };
		6BBBBA9E28E3309100AB9A10 /* OptionsView.swift in Sources */ = {isa = PBXBuildFile; fileRef = 6BBBBA9D28E3309100AB9A10 /* OptionsView.swift */; };
		6BBBBAA128E35ED000AB9A10 /* LengthOptionsView.swift in Sources */ = {isa = PBXBuildFile; fileRef = 6BBBBAA028E35ED000AB9A10 /* LengthOptionsView.swift */; };
/* End PBXBuildFile section */

/* Begin PBXFileReference section */
		6B48915D2804AB6E00E86054 /* IConvert2.app */ = {isa = PBXFileReference; explicitFileType = wrapper.application; includeInIndex = 0; path = IConvert2.app; sourceTree = BUILT_PRODUCTS_DIR; };
		6B4891602804AB6E00E86054 /* IConvert2App.swift */ = {isa = PBXFileReference; lastKnownFileType = sourcecode.swift; path = IConvert2App.swift; sourceTree = "<group>"; };
		6B4891622804AB6E00E86054 /* ContentView.swift */ = {isa = PBXFileReference; lastKnownFileType = sourcecode.swift; path = ContentView.swift; sourceTree = "<group>"; };
		6B4891642804AB7000E86054 /* Assets.xcassets */ = {isa = PBXFileReference; lastKnownFileType = folder.assetcatalog; path = Assets.xcassets; sourceTree = "<group>"; };
		6B4891672804AB7000E86054 /* Preview Assets.xcassets */ = {isa = PBXFileReference; lastKnownFileType = folder.assetcatalog; path = "Preview Assets.xcassets"; sourceTree = "<group>"; };
		6B6B37F128E89E79008B618F /* TemperatureOptionsView1.swift */ = {isa = PBXFileReference; lastKnownFileType = sourcecode.swift; path = TemperatureOptionsView1.swift; sourceTree = "<group>"; };
		6B6B37F328E8A44C008B618F /* TimeOptionsView.swift */ = {isa = PBXFileReference; lastKnownFileType = sourcecode.swift; path = TimeOptionsView.swift; sourceTree = "<group>"; };
		6B6B37F528E8A71F008B618F /* VolumeOptionsView.swift */ = {isa = PBXFileReference; lastKnownFileType = sourcecode.swift; path = VolumeOptionsView.swift; sourceTree = "<group>"; };
		6B6B37F828E8B247008B618F /* InformationStorageButton.swift */ = {isa = PBXFileReference; lastKnownFileType = sourcecode.swift; path = InformationStorageButton.swift; sourceTree = "<group>"; };
		6B6B37FA28E8B26D008B618F /* InformationStorageOptionsView.swift */ = {isa = PBXFileReference; lastKnownFileType = sourcecode.swift; path = InformationStorageOptionsView.swift; sourceTree = "<group>"; };
		6B6B37FD28E8BDDE008B618F /* SpeedButton.swift */ = {isa = PBXFileReference; lastKnownFileType = sourcecode.swift; path = SpeedButton.swift; sourceTree = "<group>"; };
		6B6B37FF28E8BDF3008B618F /* SpeedOptionsView.swift */ = {isa = PBXFileReference; lastKnownFileType = sourcecode.swift; path = SpeedOptionsView.swift; sourceTree = "<group>"; };
		6B78AEE22819BF3F0002611B /* RulerButton.swift */ = {isa = PBXFileReference; lastKnownFileType = sourcecode.swift; path = RulerButton.swift; sourceTree = "<group>"; };
		6B78AEE42819BF5B0002611B /* TemperatureButton.swift */ = {isa = PBXFileReference; lastKnownFileType = sourcecode.swift; path = TemperatureButton.swift; sourceTree = "<group>"; };
		6B78AEE62819BF7D0002611B /* ClockButton.swift */ = {isa = PBXFileReference; lastKnownFileType = sourcecode.swift; path = ClockButton.swift; sourceTree = "<group>"; };
		6B78AEE82819BF9A0002611B /* DropButton.swift */ = {isa = PBXFileReference; lastKnownFileType = sourcecode.swift; path = DropButton.swift; sourceTree = "<group>"; };
		6BBBBA9728E211FB00AB9A10 /* ViewModel.swift */ = {isa = PBXFileReference; lastKnownFileType = sourcecode.swift; path = ViewModel.swift; sourceTree = "<group>"; };
		6BBBBA9928E2207300AB9A10 /* HomeView2.swift */ = {isa = PBXFileReference; lastKnownFileType = sourcecode.swift; path = HomeView2.swift; sourceTree = "<group>"; };
		6BBBBA9B28E325BC00AB9A10 /* Model.swift */ = {isa = PBXFileReference; lastKnownFileType = sourcecode.swift; path = Model.swift; sourceTree = "<group>"; };
		6BBBBA9D28E3309100AB9A10 /* OptionsView.swift */ = {isa = PBXFileReference; lastKnownFileType = sourcecode.swift; path = OptionsView.swift; sourceTree = "<group>"; };
		6BBBBAA028E35ED000AB9A10 /* LengthOptionsView.swift */ = {isa = PBXFileReference; lastKnownFileType = sourcecode.swift; path = LengthOptionsView.swift; sourceTree = "<group>"; };
/* End PBXFileReference section */

/* Begin PBXFrameworksBuildPhase section */
		6B48915A2804AB6E00E86054 /* Frameworks */ = {
			isa = PBXFrameworksBuildPhase;
			buildActionMask = 2147483647;
			files = (
			);
			runOnlyForDeploymentPostprocessing = 0;
		};
/* End PBXFrameworksBuildPhase section */

/* Begin PBXGroup section */
		6B4891542804AB6E00E86054 = {
			isa = PBXGroup;
			children = (
				6B48915F2804AB6E00E86054 /* IConvert2 */,
				6B4891642804AB7000E86054 /* Assets.xcassets */,
				6B48915E2804AB6E00E86054 /* Products */,
			);
			sourceTree = "<group>";
		};
		6B48915E2804AB6E00E86054 /* Products */ = {
			isa = PBXGroup;
			children = (
				6B48915D2804AB6E00E86054 /* IConvert2.app */,
			);
			name = Products;
			sourceTree = "<group>";
		};
		6B48915F2804AB6E00E86054 /* IConvert2 */ = {
			isa = PBXGroup;
			children = (
				6BBBBA9F28E3373A00AB9A10 /* newbuild */,
				6B4891602804AB6E00E86054 /* IConvert2App.swift */,
				6B4891622804AB6E00E86054 /* ContentView.swift */,
				6B6B37FC28E8BDCA008B618F /* Speed */,
				6B6B37F728E8B22B008B618F /* InformationStorage */,
				6BFBFBCD2805985C007B2DB8 /* Length */,
				6BFBFBD02805ABC7007B2DB8 /* Temperature */,
				6BFBFBD72805ACAD007B2DB8 /* Time */,
				6BFBFBDC2805AD41007B2DB8 /* Volume */,
				6B4891662804AB7000E86054 /* Preview Content */,
			);
			path = IConvert2;
			sourceTree = "<group>";
		};
		6B4891662804AB7000E86054 /* Preview Content */ = {
			isa = PBXGroup;
			children = (
				6B4891672804AB7000E86054 /* Preview Assets.xcassets */,
			);
			path = "Preview Content";
			sourceTree = "<group>";
		};
		6B6B37F728E8B22B008B618F /* InformationStorage */ = {
			isa = PBXGroup;
			children = (
				6B6B37F828E8B247008B618F /* InformationStorageButton.swift */,
				6B6B37FA28E8B26D008B618F /* InformationStorageOptionsView.swift */,
			);
			path = InformationStorage;
			sourceTree = "<group>";
		};
		6B6B37FC28E8BDCA008B618F /* Speed */ = {
			isa = PBXGroup;
			children = (
				6B6B37FD28E8BDDE008B618F /* SpeedButton.swift */,
				6B6B37FF28E8BDF3008B618F /* SpeedOptionsView.swift */,
			);
			path = Speed;
			sourceTree = "<group>";
		};
		6BBBBA9F28E3373A00AB9A10 /* newbuild */ = {
			isa = PBXGroup;
			children = (
				6BBBBA9928E2207300AB9A10 /* HomeView2.swift */,
				6BBBBA9D28E3309100AB9A10 /* OptionsView.swift */,
				6BBBBA9B28E325BC00AB9A10 /* Model.swift */,
				6BBBBA9728E211FB00AB9A10 /* ViewModel.swift */,
			);
			path = newbuild;
			sourceTree = "<group>";
		};
		6BFBFBCD2805985C007B2DB8 /* Length */ = {
			isa = PBXGroup;
			children = (
				6B78AEE22819BF3F0002611B /* RulerButton.swift */,
				6BBBBAA028E35ED000AB9A10 /* LengthOptionsView.swift */,
			);
			path = Length;
			sourceTree = "<group>";
		};
		6BFBFBD02805ABC7007B2DB8 /* Temperature */ = {
			isa = PBXGroup;
			children = (
				6B78AEE42819BF5B0002611B /* TemperatureButton.swift */,
				6B6B37F128E89E79008B618F /* TemperatureOptionsView1.swift */,
			);
			path = Temperature;
			sourceTree = "<group>";
		};
		6BFBFBD72805ACAD007B2DB8 /* Time */ = {
			isa = PBXGroup;
			children = (
				6B78AEE62819BF7D0002611B /* ClockButton.swift */,
				6B6B37F328E8A44C008B618F /* TimeOptionsView.swift */,
			);
			path = Time;
			sourceTree = "<group>";
		};
		6BFBFBDC2805AD41007B2DB8 /* Volume */ = {
			isa = PBXGroup;
			children = (
				6B78AEE82819BF9A0002611B /* DropButton.swift */,
				6B6B37F528E8A71F008B618F /* VolumeOptionsView.swift */,
			);
			path = Volume;
			sourceTree = "<group>";
		};
/* End PBXGroup section */

/* Begin PBXNativeTarget section */
		6B48915C2804AB6E00E86054 /* IConvert2 */ = {
			isa = PBXNativeTarget;
			buildConfigurationList = 6B48916B2804AB7000E86054 /* Build configuration list for PBXNativeTarget "IConvert2" */;
			buildPhases = (
				6B4891592804AB6E00E86054 /* Sources */,
				6B48915A2804AB6E00E86054 /* Frameworks */,
				6B48915B2804AB6E00E86054 /* Resources */,
			);
			buildRules = (
			);
			dependencies = (
			);
			name = IConvert2;
			productName = IConvert2;
			productReference = 6B48915D2804AB6E00E86054 /* IConvert2.app */;
			productType = "com.apple.product-type.application";
		};
/* End PBXNativeTarget section */

/* Begin PBXProject section */
		6B4891552804AB6E00E86054 /* Project object */ = {
			isa = PBXProject;
			attributes = {
				BuildIndependentTargetsInParallel = 1;
				LastSwiftUpdateCheck = 1310;
				LastUpgradeCheck = 1310;
				TargetAttributes = {
					6B48915C2804AB6E00E86054 = {
						CreatedOnToolsVersion = 13.1;
					};
				};
			};
			buildConfigurationList = 6B4891582804AB6E00E86054 /* Build configuration list for PBXProject "IConvert2" */;
			compatibilityVersion = "Xcode 13.0";
			developmentRegion = en;
			hasScannedForEncodings = 0;
			knownRegions = (
				en,
				Base,
			);
			mainGroup = 6B4891542804AB6E00E86054;
			productRefGroup = 6B48915E2804AB6E00E86054 /* Products */;
			projectDirPath = "";
			projectRoot = "";
			targets = (
				6B48915C2804AB6E00E86054 /* IConvert2 */,
			);
		};
/* End PBXProject section */

/* Begin PBXResourcesBuildPhase section */
		6B48915B2804AB6E00E86054 /* Resources */ = {
			isa = PBXResourcesBuildPhase;
			buildActionMask = 2147483647;
			files = (
				6B4891682804AB7000E86054 /* Preview Assets.xcassets in Resources */,
				6B4891652804AB7000E86054 /* Assets.xcassets in Resources */,
			);
			runOnlyForDeploymentPostprocessing = 0;
		};
/* End PBXResourcesBuildPhase section */

/* Begin PBXSourcesBuildPhase section */
		6B4891592804AB6E00E86054 /* Sources */ = {
			isa = PBXSourcesBuildPhase;
			buildActionMask = 2147483647;
			files = (
				6BBBBA9A28E2207300AB9A10 /* HomeView2.swift in Sources */,
				6B78AEE52819BF5B0002611B /* TemperatureButton.swift in Sources */,
				6B6B37F228E89E79008B618F /* TemperatureOptionsView1.swift in Sources */,
				6BBBBA9E28E3309100AB9A10 /* OptionsView.swift in Sources */,
				6B6B37F428E8A44C008B618F /* TimeOptionsView.swift in Sources */,
				6B78AEE72819BF7D0002611B /* ClockButton.swift in Sources */,
				6B4891632804AB6E00E86054 /* ContentView.swift in Sources */,
				6B6B37F628E8A71F008B618F /* VolumeOptionsView.swift in Sources */,
				6B78AEE92819BF9A0002611B /* DropButton.swift in Sources */,
				6BBBBA9C28E325BC00AB9A10 /* Model.swift in Sources */,
				6B6B380028E8BDF3008B618F /* SpeedOptionsView.swift in Sources */,
				6B6B37FE28E8BDDE008B618F /* SpeedButton.swift in Sources */,
				6BBBBA9828E211FB00AB9A10 /* ViewModel.swift in Sources */,
				6BBBBAA128E35ED000AB9A10 /* LengthOptionsView.swift in Sources */,
				6B6B37F928E8B247008B618F /* InformationStorageButton.swift in Sources */,
				6B6B37FB28E8B26D008B618F /* InformationStorageOptionsView.swift in Sources */,
				6B4891612804AB6E00E86054 /* IConvert2App.swift in Sources */,
				6B78AEE32819BF3F0002611B /* RulerButton.swift in Sources */,
			);
			runOnlyForDeploymentPostprocessing = 0;
		};
/* End PBXSourcesBuildPhase section */

/* Begin XCBuildConfiguration section */
		6B4891692804AB7000E86054 /* Debug */ = {
			isa = XCBuildConfiguration;
			buildSettings = {
				ALWAYS_SEARCH_USER_PATHS = NO;
				CLANG_ANALYZER_NONNULL = YES;
				CLANG_ANALYZER_NUMBER_OBJECT_CONVERSION = YES_AGGRESSIVE;
				CLANG_CXX_LANGUAGE_STANDARD = "gnu++17";
				CLANG_CXX_LIBRARY = "libc++";
				CLANG_ENABLE_MODULES = YES;
				CLANG_ENABLE_OBJC_ARC = YES;
				CLANG_ENABLE_OBJC_WEAK = YES;
				CLANG_WARN_BLOCK_CAPTURE_AUTORELEASING = YES;
				CLANG_WARN_BOOL_CONVERSION = YES;
				CLANG_WARN_COMMA = YES;
				CLANG_WARN_CONSTANT_CONVERSION = YES;
				CLANG_WARN_DEPRECATED_OBJC_IMPLEMENTATIONS = YES;
				CLANG_WARN_DIRECT_OBJC_ISA_USAGE = YES_ERROR;
				CLANG_WARN_DOCUMENTATION_COMMENTS = YES;
				CLANG_WARN_EMPTY_BODY = YES;
				CLANG_WARN_ENUM_CONVERSION = YES;
				CLANG_WARN_INFINITE_RECURSION = YES;
				CLANG_WARN_INT_CONVERSION = YES;
				CLANG_WARN_NON_LITERAL_NULL_CONVERSION = YES;
				CLANG_WARN_OBJC_IMPLICIT_RETAIN_SELF = YES;
				CLANG_WARN_OBJC_LITERAL_CONVERSION = YES;
				CLANG_WARN_OBJC_ROOT_CLASS = YES_ERROR;
				CLANG_WARN_QUOTED_INCLUDE_IN_FRAMEWORK_HEADER = YES;
				CLANG_WARN_RANGE_LOOP_ANALYSIS = YES;
				CLANG_WARN_STRICT_PROTOTYPES = YES;
				CLANG_WARN_SUSPICIOUS_MOVE = YES;
				CLANG_WARN_UNGUARDED_AVAILABILITY = YES_AGGRESSIVE;
				CLANG_WARN_UNREACHABLE_CODE = YES;
				CLANG_WARN__DUPLICATE_METHOD_MATCH = YES;
				COPY_PHASE_STRIP = NO;
				DEBUG_INFORMATION_FORMAT = dwarf;
				ENABLE_STRICT_OBJC_MSGSEND = YES;
				ENABLE_TESTABILITY = YES;
				GCC_C_LANGUAGE_STANDARD = gnu11;
				GCC_DYNAMIC_NO_PIC = NO;
				GCC_NO_COMMON_BLOCKS = YES;
				GCC_OPTIMIZATION_LEVEL = 0;
				GCC_PREPROCESSOR_DEFINITIONS = (
					"DEBUG=1",
					"$(inherited)",
				);
				GCC_WARN_64_TO_32_BIT_CONVERSION = YES;
				GCC_WARN_ABOUT_RETURN_TYPE = YES_ERROR;
				GCC_WARN_UNDECLARED_SELECTOR = YES;
				GCC_WARN_UNINITIALIZED_AUTOS = YES_AGGRESSIVE;
				GCC_WARN_UNUSED_FUNCTION = YES;
				GCC_WARN_UNUSED_VARIABLE = YES;
				IPHONEOS_DEPLOYMENT_TARGET = 15.0;
				MTL_ENABLE_DEBUG_INFO = INCLUDE_SOURCE;
				MTL_FAST_MATH = YES;
				ONLY_ACTIVE_ARCH = YES;
				SDKROOT = iphoneos;
				SWIFT_ACTIVE_COMPILATION_CONDITIONS = DEBUG;
				SWIFT_OPTIMIZATION_LEVEL = "-Onone";
			};
			name = Debug;
		};
		6B48916A2804AB7000E86054 /* Release */ = {
			isa = XCBuildConfiguration;
			buildSettings = {
				ALWAYS_SEARCH_USER_PATHS = NO;
				CLANG_ANALYZER_NONNULL = YES;
				CLANG_ANALYZER_NUMBER_OBJECT_CONVERSION = YES_AGGRESSIVE;
				CLANG_CXX_LANGUAGE_STANDARD = "gnu++17";
				CLANG_CXX_LIBRARY = "libc++";
				CLANG_ENABLE_MODULES = YES;
				CLANG_ENABLE_OBJC_ARC = YES;
				CLANG_ENABLE_OBJC_WEAK = YES;
				CLANG_WARN_BLOCK_CAPTURE_AUTORELEASING = YES;
				CLANG_WARN_BOOL_CONVERSION = YES;
				CLANG_WARN_COMMA = YES;
				CLANG_WARN_CONSTANT_CONVERSION = YES;
				CLANG_WARN_DEPRECATED_OBJC_IMPLEMENTATIONS = YES;
				CLANG_WARN_DIRECT_OBJC_ISA_USAGE = YES_ERROR;
				CLANG_WARN_DOCUMENTATION_COMMENTS = YES;
				CLANG_WARN_EMPTY_BODY = YES;
				CLANG_WARN_ENUM_CONVERSION = YES;
				CLANG_WARN_INFINITE_RECURSION = YES;
				CLANG_WARN_INT_CONVERSION = YES;
				CLANG_WARN_NON_LITERAL_NULL_CONVERSION = YES;
				CLANG_WARN_OBJC_IMPLICIT_RETAIN_SELF = YES;
				CLANG_WARN_OBJC_LITERAL_CONVERSION = YES;
				CLANG_WARN_OBJC_ROOT_CLASS = YES_ERROR;
				CLANG_WARN_QUOTED_INCLUDE_IN_FRAMEWORK_HEADER = YES;
				CLANG_WARN_RANGE_LOOP_ANALYSIS = YES;
				CLANG_WARN_STRICT_PROTOTYPES = YES;
				CLANG_WARN_SUSPICIOUS_MOVE = YES;
				CLANG_WARN_UNGUARDED_AVAILABILITY = YES_AGGRESSIVE;
				CLANG_WARN_UNREACHABLE_CODE = YES;
				CLANG_WARN__DUPLICATE_METHOD_MATCH = YES;
				COPY_PHASE_STRIP = NO;
				DEBUG_INFORMATION_FORMAT = "dwarf-with-dsym";
				ENABLE_NS_ASSERTIONS = NO;
				ENABLE_STRICT_OBJC_MSGSEND = YES;
				GCC_C_LANGUAGE_STANDARD = gnu11;
				GCC_NO_COMMON_BLOCKS = YES;
				GCC_WARN_64_TO_32_BIT_CONVERSION = YES;
				GCC_WARN_ABOUT_RETURN_TYPE = YES_ERROR;
				GCC_WARN_UNDECLARED_SELECTOR = YES;
				GCC_WARN_UNINITIALIZED_AUTOS = YES_AGGRESSIVE;
				GCC_WARN_UNUSED_FUNCTION = YES;
				GCC_WARN_UNUSED_VARIABLE = YES;
				IPHONEOS_DEPLOYMENT_TARGET = 15.0;
				MTL_ENABLE_DEBUG_INFO = NO;
				MTL_FAST_MATH = YES;
				SDKROOT = iphoneos;
				SWIFT_COMPILATION_MODE = wholemodule;
				SWIFT_OPTIMIZATION_LEVEL = "-O";
				VALIDATE_PRODUCT = YES;
			};
			name = Release;
		};
		6B48916C2804AB7000E86054 /* Debug */ = {
			isa = XCBuildConfiguration;
			buildSettings = {
				ASSETCATALOG_COMPILER_APPICON_NAME = AppIcon;
				ASSETCATALOG_COMPILER_GLOBAL_ACCENT_COLOR_NAME = AccentColor;
				CODE_SIGN_STYLE = Automatic;
				CURRENT_PROJECT_VERSION = 1;
				DEVELOPMENT_ASSET_PATHS = "\"IConvert2/Preview Content\"";
				DEVELOPMENT_TEAM = 6ATM8KJ47N;
				ENABLE_PREVIEWS = YES;
				GENERATE_INFOPLIST_FILE = YES;
				INFOPLIST_KEY_UIApplicationSceneManifest_Generation = YES;
				INFOPLIST_KEY_UIApplicationSupportsIndirectInputEvents = YES;
				INFOPLIST_KEY_UILaunchScreen_Generation = YES;
				INFOPLIST_KEY_UISupportedInterfaceOrientations_iPad = "UIInterfaceOrientationPortrait UIInterfaceOrientationPortraitUpsideDown UIInterfaceOrientationLandscapeLeft UIInterfaceOrientationLandscapeRight";
				INFOPLIST_KEY_UISupportedInterfaceOrientations_iPhone = "UIInterfaceOrientationPortrait UIInterfaceOrientationLandscapeLeft UIInterfaceOrientationLandscapeRight";
				LD_RUNPATH_SEARCH_PATHS = (
					"$(inherited)",
					"@executable_path/Frameworks",
				);
				MARKETING_VERSION = 1.0;
				PRODUCT_BUNDLE_IDENTIFIER = com.paul.IConvert2;
				PRODUCT_NAME = "$(TARGET_NAME)";
				SWIFT_EMIT_LOC_STRINGS = YES;
				SWIFT_VERSION = 5.0;
				TARGETED_DEVICE_FAMILY = "1,2";
			};
			name = Debug;
		};
		6B48916D2804AB7000E86054 /* Release */ = {
			isa = XCBuildConfiguration;
			buildSettings = {
				ASSETCATALOG_COMPILER_APPICON_NAME = AppIcon;
				ASSETCATALOG_COMPILER_GLOBAL_ACCENT_COLOR_NAME = AccentColor;
				CODE_SIGN_STYLE = Automatic;
				CURRENT_PROJECT_VERSION = 1;
				DEVELOPMENT_ASSET_PATHS = "\"IConvert2/Preview Content\"";
				DEVELOPMENT_TEAM = 6ATM8KJ47N;
				ENABLE_PREVIEWS = YES;
				GENERATE_INFOPLIST_FILE = YES;
				INFOPLIST_KEY_UIApplicationSceneManifest_Generation = YES;
				INFOPLIST_KEY_UIApplicationSupportsIndirectInputEvents = YES;
				INFOPLIST_KEY_UILaunchScreen_Generation = YES;
				INFOPLIST_KEY_UISupportedInterfaceOrientations_iPad = "UIInterfaceOrientationPortrait UIInterfaceOrientationPortraitUpsideDown UIInterfaceOrientationLandscapeLeft UIInterfaceOrientationLandscapeRight";
				INFOPLIST_KEY_UISupportedInterfaceOrientations_iPhone = "UIInterfaceOrientationPortrait UIInterfaceOrientationLandscapeLeft UIInterfaceOrientationLandscapeRight";
				LD_RUNPATH_SEARCH_PATHS = (
					"$(inherited)",
					"@executable_path/Frameworks",
				);
				MARKETING_VERSION = 1.0;
				PRODUCT_BUNDLE_IDENTIFIER = com.paul.IConvert2;
				PRODUCT_NAME = "$(TARGET_NAME)";
				SWIFT_EMIT_LOC_STRINGS = YES;
				SWIFT_VERSION = 5.0;
				TARGETED_DEVICE_FAMILY = "1,2";
			};
			name = Release;
		};
/* End XCBuildConfiguration section */

/* Begin XCConfigurationList section */
		6B4891582804AB6E00E86054 /* Build configuration list for PBXProject "IConvert2" */ = {
			isa = XCConfigurationList;
			buildConfigurations = (
				6B4891692804AB7000E86054 /* Debug */,
				6B48916A2804AB7000E86054 /* Release */,
			);
			defaultConfigurationIsVisible = 0;
			defaultConfigurationName = Release;
		};
		6B48916B2804AB7000E86054 /* Build configuration list for PBXNativeTarget "IConvert2" */ = {
			isa = XCConfigurationList;
			buildConfigurations = (
				6B48916C2804AB7000E86054 /* Debug */,
				6B48916D2804AB7000E86054 /* Release */,
			);
			defaultConfigurationIsVisible = 0;
			defaultConfigurationName = Release;
		};
/* End XCConfigurationList section */
	};
	rootObject = 6B4891552804AB6E00E86054 /* Project object */;
}
